
Microsoft Visual Studio Solution File, Format Version 12.00
# Visual Studio Version 16
VisualStudioVersion = 16.0.29102.190
MinimumVisualStudioVersion = 10.0.40219.1
Project("{2150E333-8FDC-42A3-9474-1A3956D46DE8}") = "Gateway", "Gateway", "{985A52D6-7FFA-494C-A12C-2A5616CBE412}"
EndProject
Project("{9A19103F-16F7-4668-BE54-9A1E7A4F7556}") = "PaymentPlatform.Gateway.API", "Gateway\PaymentPlatform.Gateway.API\PaymentPlatform.Gateway.API.csproj", "{B3ACFF74-5DF2-467B-891D-C2BD6D0B019C}"
EndProject
Project("{2150E333-8FDC-42A3-9474-1A3956D46DE8}") = "Services", "Services", "{21EE2214-9B19-46FA-8F22-6F827ED00A20}"
EndProject
Project("{9A19103F-16F7-4668-BE54-9A1E7A4F7556}") = "PaymentPlatform.Identity.API", "Services\PaymentPlatform.Identity.API\PaymentPlatform.Identity.API.csproj", "{9D8476DC-5654-4F1D-95DB-9E72CF799699}"
EndProject
Project("{9A19103F-16F7-4668-BE54-9A1E7A4F7556}") = "PaymentPlatform.Product.API", "Services\PaymentPlatform.Product.API\PaymentPlatform.Product.API.csproj", "{81D16506-9E27-40B8-807F-FAA90A65768E}"
EndProject
Project("{9A19103F-16F7-4668-BE54-9A1E7A4F7556}") = "PaymentPlatform.Transaction.API", "Services\PaymentPlatform.Transaction.API\PaymentPlatform.Transaction.API.csproj", "{4F5A1737-4EF1-4195-9493-B7B5A38EF598}"
EndProject
Project("{2150E333-8FDC-42A3-9474-1A3956D46DE8}") = "SupportApplications", "SupportApplications", "{5BB84C48-EAD3-442C-BBE2-EBF8E268E801}"
EndProject
Project("{9A19103F-16F7-4668-BE54-9A1E7A4F7556}") = "PaymentPlatform.Initialization.BLL", "SupportApplications\DatabaseInitialization\PaymentPlatform.Initialization.BLL\PaymentPlatform.Initialization.BLL.csproj", "{C98D5118-ABC5-4D0F-8B90-22F4D87FBB48}"
EndProject
Project("{2150E333-8FDC-42A3-9474-1A3956D46DE8}") = "DatabaseInitialization", "DatabaseInitialization", "{D1E06B29-5E35-4E2D-BC1B-91554FDF3E47}"
EndProject
Project("{9A19103F-16F7-4668-BE54-9A1E7A4F7556}") = "PaymentPlatform.Initialization.DAL", "SupportApplications\DatabaseInitialization\PaymentPlatform.Initialization.DAL\PaymentPlatform.Initialization.DAL.csproj", "{72473734-5BB5-4D8B-83F8-BA02DAB688ED}"
EndProject
Project("{9A19103F-16F7-4668-BE54-9A1E7A4F7556}") = "PaymentPlatform.Initialization.UI.ConsoleApp", "SupportApplications\DatabaseInitialization\PaymentPlatform.Initialization.UI.ConsoleApp\PaymentPlatform.Initialization.UI.ConsoleApp.csproj", "{B27E6FD9-AEC6-4AAF-B84B-B727E7D02994}"
EndProject
Project("{9A19103F-16F7-4668-BE54-9A1E7A4F7556}") = "PaymentPlatform.Profile.API", "Services\PaymentPlatform.Profile.API\PaymentPlatform.Profile.API.csproj", "{FF1F0925-D2DF-4D6F-B3F0-1FBA1CE5C36E}"
EndProject
Project("{2150E333-8FDC-42A3-9474-1A3956D46DE8}") = "Core", "Core", "{3DAC76B7-424E-4DEF-A665-0326E36C775F}"
EndProject
Project("{9A19103F-16F7-4668-BE54-9A1E7A4F7556}") = "PaymentPlatform.Framework", "Core\PaymentPlatform.Framework\PaymentPlatform.Framework.csproj", "{D2C45577-7517-47C1-85DB-C0955E2FE22F}"
EndProject
Project("{FAE04EC0-301F-11D3-BF4B-00C04F79EFBC}") = "PaymentPlatform.DatabaseInitialization", "SupportApplications\PaymentPlatform.DatabaseInitialization\PaymentPlatform.DatabaseInitialization.csproj", "{63159DB2-1AE0-423E-93E4-0836E40D2FD2}"
EndProject
Global
	GlobalSection(SolutionConfigurationPlatforms) = preSolution
		Debug|Any CPU = Debug|Any CPU
		Release|Any CPU = Release|Any CPU
	EndGlobalSection
	GlobalSection(ProjectConfigurationPlatforms) = postSolution
		{B3ACFF74-5DF2-467B-891D-C2BD6D0B019C}.Debug|Any CPU.ActiveCfg = Debug|Any CPU
		{B3ACFF74-5DF2-467B-891D-C2BD6D0B019C}.Debug|Any CPU.Build.0 = Debug|Any CPU
		{B3ACFF74-5DF2-467B-891D-C2BD6D0B019C}.Release|Any CPU.ActiveCfg = Release|Any CPU
		{B3ACFF74-5DF2-467B-891D-C2BD6D0B019C}.Release|Any CPU.Build.0 = Release|Any CPU
		{9D8476DC-5654-4F1D-95DB-9E72CF799699}.Debug|Any CPU.ActiveCfg = Debug|Any CPU
		{9D8476DC-5654-4F1D-95DB-9E72CF799699}.Debug|Any CPU.Build.0 = Debug|Any CPU
		{9D8476DC-5654-4F1D-95DB-9E72CF799699}.Release|Any CPU.ActiveCfg = Release|Any CPU
		{9D8476DC-5654-4F1D-95DB-9E72CF799699}.Release|Any CPU.Build.0 = Release|Any CPU
		{81D16506-9E27-40B8-807F-FAA90A65768E}.Debug|Any CPU.ActiveCfg = Debug|Any CPU
		{81D16506-9E27-40B8-807F-FAA90A65768E}.Debug|Any CPU.Build.0 = Debug|Any CPU
		{81D16506-9E27-40B8-807F-FAA90A65768E}.Release|Any CPU.ActiveCfg = Release|Any CPU
		{81D16506-9E27-40B8-807F-FAA90A65768E}.Release|Any CPU.Build.0 = Release|Any CPU
		{4F5A1737-4EF1-4195-9493-B7B5A38EF598}.Debug|Any CPU.ActiveCfg = Debug|Any CPU
		{4F5A1737-4EF1-4195-9493-B7B5A38EF598}.Debug|Any CPU.Build.0 = Debug|Any CPU
		{4F5A1737-4EF1-4195-9493-B7B5A38EF598}.Release|Any CPU.ActiveCfg = Release|Any CPU
		{4F5A1737-4EF1-4195-9493-B7B5A38EF598}.Release|Any CPU.Build.0 = Release|Any CPU
		{C98D5118-ABC5-4D0F-8B90-22F4D87FBB48}.Debug|Any CPU.ActiveCfg = Debug|Any CPU
		{C98D5118-ABC5-4D0F-8B90-22F4D87FBB48}.Debug|Any CPU.Build.0 = Debug|Any CPU
		{C98D5118-ABC5-4D0F-8B90-22F4D87FBB48}.Release|Any CPU.ActiveCfg = Release|Any CPU
		{C98D5118-ABC5-4D0F-8B90-22F4D87FBB48}.Release|Any CPU.Build.0 = Release|Any CPU
		{72473734-5BB5-4D8B-83F8-BA02DAB688ED}.Debug|Any CPU.ActiveCfg = Debug|Any CPU
		{72473734-5BB5-4D8B-83F8-BA02DAB688ED}.Debug|Any CPU.Build.0 = Debug|Any CPU
		{72473734-5BB5-4D8B-83F8-BA02DAB688ED}.Release|Any CPU.ActiveCfg = Release|Any CPU
		{72473734-5BB5-4D8B-83F8-BA02DAB688ED}.Release|Any CPU.Build.0 = Release|Any CPU
		{B27E6FD9-AEC6-4AAF-B84B-B727E7D02994}.Debug|Any CPU.ActiveCfg = Debug|Any CPU
		{B27E6FD9-AEC6-4AAF-B84B-B727E7D02994}.Debug|Any CPU.Build.0 = Debug|Any CPU
		{B27E6FD9-AEC6-4AAF-B84B-B727E7D02994}.Release|Any CPU.ActiveCfg = Release|Any CPU
		{B27E6FD9-AEC6-4AAF-B84B-B727E7D02994}.Release|Any CPU.Build.0 = Release|Any CPU
		{FF1F0925-D2DF-4D6F-B3F0-1FBA1CE5C36E}.Debug|Any CPU.ActiveCfg = Debug|Any CPU
		{FF1F0925-D2DF-4D6F-B3F0-1FBA1CE5C36E}.Debug|Any CPU.Build.0 = Debug|Any CPU
		{FF1F0925-D2DF-4D6F-B3F0-1FBA1CE5C36E}.Release|Any CPU.ActiveCfg = Release|Any CPU
		{FF1F0925-D2DF-4D6F-B3F0-1FBA1CE5C36E}.Release|Any CPU.Build.0 = Release|Any CPU
		{D2C45577-7517-47C1-85DB-C0955E2FE22F}.Debug|Any CPU.ActiveCfg = Debug|Any CPU
		{D2C45577-7517-47C1-85DB-C0955E2FE22F}.Debug|Any CPU.Build.0 = Debug|Any CPU
		{D2C45577-7517-47C1-85DB-C0955E2FE22F}.Release|Any CPU.ActiveCfg = Release|Any CPU
		{D2C45577-7517-47C1-85DB-C0955E2FE22F}.Release|Any CPU.Build.0 = Release|Any CPU
		{63159DB2-1AE0-423E-93E4-0836E40D2FD2}.Debug|Any CPU.ActiveCfg = Debug|Any CPU
		{63159DB2-1AE0-423E-93E4-0836E40D2FD2}.Debug|Any CPU.Build.0 = Debug|Any CPU
		{63159DB2-1AE0-423E-93E4-0836E40D2FD2}.Release|Any CPU.ActiveCfg = Release|Any CPU
		{63159DB2-1AE0-423E-93E4-0836E40D2FD2}.Release|Any CPU.Build.0 = Release|Any CPU
	EndGlobalSection
	GlobalSection(SolutionProperties) = preSolution
		HideSolutionNode = FALSE
	EndGlobalSection
	GlobalSection(NestedProjects) = preSolution
		{B3ACFF74-5DF2-467B-891D-C2BD6D0B019C} = {985A52D6-7FFA-494C-A12C-2A5616CBE412}
		{9D8476DC-5654-4F1D-95DB-9E72CF799699} = {21EE2214-9B19-46FA-8F22-6F827ED00A20}
		{81D16506-9E27-40B8-807F-FAA90A65768E} = {21EE2214-9B19-46FA-8F22-6F827ED00A20}
		{4F5A1737-4EF1-4195-9493-B7B5A38EF598} = {21EE2214-9B19-46FA-8F22-6F827ED00A20}
		{C98D5118-ABC5-4D0F-8B90-22F4D87FBB48} = {D1E06B29-5E35-4E2D-BC1B-91554FDF3E47}
		{D1E06B29-5E35-4E2D-BC1B-91554FDF3E47} = {5BB84C48-EAD3-442C-BBE2-EBF8E268E801}
		{72473734-5BB5-4D8B-83F8-BA02DAB688ED} = {D1E06B29-5E35-4E2D-BC1B-91554FDF3E47}
		{B27E6FD9-AEC6-4AAF-B84B-B727E7D02994} = {D1E06B29-5E35-4E2D-BC1B-91554FDF3E47}
		{FF1F0925-D2DF-4D6F-B3F0-1FBA1CE5C36E} = {21EE2214-9B19-46FA-8F22-6F827ED00A20}
		{D2C45577-7517-47C1-85DB-C0955E2FE22F} = {3DAC76B7-424E-4DEF-A665-0326E36C775F}
		{63159DB2-1AE0-423E-93E4-0836E40D2FD2} = {5BB84C48-EAD3-442C-BBE2-EBF8E268E801}
	EndGlobalSection
	GlobalSection(ExtensibilityGlobals) = postSolution
		SolutionGuid = {A4BE948F-728E-4A12-BBE2-B9100D10C95C}
	EndGlobalSection
EndGlobal
